<?xml version="1.0" encoding="utf-8"?>
<Project ToolsVersion="4.0" xmlns="http://schemas.microsoft.com/developer/msbuild/2003">
  <ItemGroup>
    <Filter Include="Source Files">
      <UniqueIdentifier>{4FC737F1-C7A5-4376-A066-2A32D752A2FF}</UniqueIdentifier>
      <Extensions>cpp;c;cc;cxx;def;odl;idl;hpj;bat;asm;asmx</Extensions>
    </Filter>
    <Filter Include="Resource Files">
      <UniqueIdentifier>{67DA6AB6-F800-4c08-8B7A-83BB121AAD01}</UniqueIdentifier>
      <Extensions>rc;ico;cur;bmp;dlg;rc2;rct;bin;rgs;gif;jpg;jpeg;jpe;resx;tiff;tif;png;wav;mfcribbon-ms</Extensions>
    </Filter>
    <Filter Include="Core">
      <UniqueIdentifier>{b22ebf6f-0e85-483d-9ca3-0ca0cdc5316a}</UniqueIdentifier>
    </Filter>
    <Filter Include="Core\Graphics">
      <UniqueIdentifier>{ee3b496b-ec23-4c4b-b03e-9ad8221401dc}</UniqueIdentifier>
    </Filter>
    <Filter Include="Core\App">
      <UniqueIdentifier>{676e9f06-0724-4dfd-a1e7-11b7b61f4eb9}</UniqueIdentifier>
    </Filter>
    <Filter Include="Core\Input">
      <UniqueIdentifier>{3db555cf-54af-466a-857f-28b942ac0b39}</UniqueIdentifier>
    </Filter>
    <Filter Include="Aztroid">
      <UniqueIdentifier>{bfbda034-40a8-4528-b0b8-258f5ba19a28}</UniqueIdentifier>
    </Filter>
    <Filter Include="Aztroid\Objects">
      <UniqueIdentifier>{997fa134-0273-45bf-a02b-3970b62ffcde}</UniqueIdentifier>
    </Filter>
  </ItemGroup>
  <ItemGroup>
    <ClCompile Include="main.cpp">
      <Filter>Source Files</Filter>
    </ClCompile>
    <ClCompile Include="CGfx.cpp">
      <Filter>Core\Graphics</Filter>
    </ClCompile>
    <ClCompile Include="CTextDraw.cpp">
      <Filter>Core\Graphics</Filter>
    </ClCompile>
    <ClCompile Include="CTextureManager.cpp">
      <Filter>Core\Graphics</Filter>
    </ClCompile>
    <ClCompile Include="CInput.cpp">
      <Filter>Core\Input</Filter>
    </ClCompile>
    <ClCompile Include="CKeyboard.cpp">
      <Filter>Core\Input</Filter>
    </ClCompile>
    <ClCompile Include="CMouse.cpp">
      <Filter>Core\Input</Filter>
    </ClCompile>
    <ClCompile Include="CApp.cpp">
      <Filter>Core\App</Filter>
    </ClCompile>
    <ClCompile Include="Utility.cpp">
      <Filter>Source Files</Filter>
    </ClCompile>
    <ClCompile Include="CAztroid.cpp">
      <Filter>Aztroid</Filter>
    </ClCompile>
    <ClCompile Include="CShip.cpp">
      <Filter>Aztroid\Objects</Filter>
    </ClCompile>
    <ClCompile Include="CObjectFactory.cpp">
      <Filter>Aztroid\Objects</Filter>
    </ClCompile>
  </ItemGroup>
  <ItemGroup>
    <ClInclude Include="CGfx.h">
      <Filter>Core\Graphics</Filter>
    </ClInclude>
    <ClInclude Include="CTextDraw.h">
      <Filter>Core\Graphics</Filter>
    </ClInclude>
    <ClInclude Include="CTextureManager.h">
      <Filter>Core\Graphics</Filter>
    </ClInclude>
    <ClInclude Include="CInput.h">
      <Filter>Core\Input</Filter>
    </ClInclude>
    <ClInclude Include="CKeyboard.h">
      <Filter>Core\Input</Filter>
    </ClInclude>
    <ClInclude Include="CMouse.h">
      <Filter>Core\Input</Filter>
    </ClInclude>
    <ClInclude Include="CApp.h">
      <Filter>Core\App</Filter>
    </ClInclude>
    <ClInclude Include="GCMath.h">
      <Filter>Source Files</Filter>
    </ClInclude>
    <ClInclude Include="Utility.h">
      <Filter>Source Files</Filter>
    </ClInclude>
    <ClInclude Include="CAztroid.h">
      <Filter>Aztroid</Filter>
    </ClInclude>
    <ClInclude Include="CObject.h">
      <Filter>Aztroid\Objects</Filter>
    </ClInclude>
    <ClInclude Include="CShip.h">
      <Filter>Aztroid\Objects</Filter>
    </ClInclude>
    <ClInclude Include="CObjectFactory.h">
      <Filter>Aztroid\Objects</Filter>
    </ClInclude>
  </ItemGroup>
</Project>