<?xml version="1.0" encoding="utf-8"?>
<Project ToolsVersion="4.0" xmlns="http://schemas.microsoft.com/developer/msbuild/2003">
  <ItemGroup>
    <Filter Include="Source Files">
      <UniqueIdentifier>{4FC737F1-C7A5-4376-A066-2A32D752A2FF}</UniqueIdentifier>
      <Extensions>cpp;c;cc;cxx;def;odl;idl;hpj;bat;asm;asmx</Extensions>
    </Filter>
    <Filter Include="Math">
      <UniqueIdentifier>{95d1cddd-a53c-46c6-84f2-dc442bc9e224}</UniqueIdentifier>
    </Filter>
    <Filter Include="Graphics">
      <UniqueIdentifier>{d2ac5645-64e6-4d63-a7fc-cada4075cae0}</UniqueIdentifier>
    </Filter>
    <Filter Include="Math\Vectors">
      <UniqueIdentifier>{880ad07f-e8cf-4409-aee6-64e8fefa7552}</UniqueIdentifier>
    </Filter>
    <Filter Include="Application">
      <UniqueIdentifier>{2109e44a-ef80-4876-973e-e19b5dc57644}</UniqueIdentifier>
    </Filter>
    <Filter Include="Utility">
      <UniqueIdentifier>{76bb596d-1812-4727-8535-e8cdb6f3e200}</UniqueIdentifier>
    </Filter>
    <Filter Include="Resource">
      <UniqueIdentifier>{becbaed8-2c98-4728-8d48-bd3f71864c16}</UniqueIdentifier>
    </Filter>
    <Filter Include="Core">
      <UniqueIdentifier>{531e27c5-890a-4c51-bf93-c7bd9ce251cf}</UniqueIdentifier>
    </Filter>
    <Filter Include="Graphics\Geometry">
      <UniqueIdentifier>{8b607665-26aa-4de7-ba29-6586857d4591}</UniqueIdentifier>
    </Filter>
  </ItemGroup>
  <ItemGroup>
    <ClCompile Include="main.cpp">
      <Filter>Source Files</Filter>
    </ClCompile>
    <ClCompile Include="CTimer.cpp">
      <Filter>Utility</Filter>
    </ClCompile>
    <ClCompile Include="CApp.cpp">
      <Filter>Application</Filter>
    </ClCompile>
    <ClCompile Include="COpenGL.cpp">
      <Filter>Graphics</Filter>
    </ClCompile>
    <ClCompile Include="CResourceVertexBuffer.cpp">
      <Filter>Resource</Filter>
    </ClCompile>
    <ClCompile Include="CResourceManager.cpp">
      <Filter>Resource</Filter>
    </ClCompile>
    <ClCompile Include="CGraphics.cpp">
      <Filter>Graphics</Filter>
    </ClCompile>
    <ClCompile Include="CGameCore.cpp">
      <Filter>Core</Filter>
    </ClCompile>
    <ClCompile Include="CMeshDataGenerator.cpp">
      <Filter>Graphics\Geometry</Filter>
    </ClCompile>
    <ClCompile Include="CResourceMeshData.cpp">
      <Filter>Resource</Filter>
    </ClCompile>
  </ItemGroup>
  <ItemGroup>
    <ClInclude Include="Vec2.h">
      <Filter>Math\Vectors</Filter>
    </ClInclude>
    <ClInclude Include="math.h">
      <Filter>Math</Filter>
    </ClInclude>
    <ClInclude Include="Vec3.h">
      <Filter>Math\Vectors</Filter>
    </ClInclude>
    <ClInclude Include="Vec4.h">
      <Filter>Math\Vectors</Filter>
    </ClInclude>
    <ClInclude Include="Mat3x3.h">
      <Filter>Math\Vectors</Filter>
    </ClInclude>
    <ClInclude Include="Mat4x4.h">
      <Filter>Math\Vectors</Filter>
    </ClInclude>
    <ClInclude Include="CApp.h">
      <Filter>Application</Filter>
    </ClInclude>
    <ClInclude Include="CTimer.h">
      <Filter>Utility</Filter>
    </ClInclude>
    <ClInclude Include="COpenGL.h">
      <Filter>Graphics</Filter>
    </ClInclude>
    <ClInclude Include="IResource.h">
      <Filter>Resource</Filter>
    </ClInclude>
    <ClInclude Include="CResourceVertexBuffer.h">
      <Filter>Resource</Filter>
    </ClInclude>
    <ClInclude Include="CResourceManager.h">
      <Filter>Resource</Filter>
    </ClInclude>
    <ClInclude Include="CGraphics.h">
      <Filter>Graphics</Filter>
    </ClInclude>
    <ClInclude Include="CGameCore.h">
      <Filter>Core</Filter>
    </ClInclude>
    <ClInclude Include="GfxDefs.h">
      <Filter>Graphics</Filter>
    </ClInclude>
    <ClInclude Include="CMeshDataGenerator.h">
      <Filter>Graphics\Geometry</Filter>
    </ClInclude>
    <ClInclude Include="CResourceMeshData.h">
      <Filter>Resource</Filter>
    </ClInclude>
  </ItemGroup>
</Project>